// !$*UTF8*$!
{
	archiveVersion = 1;
	classes = {
	};
	objectVersion = 50;
	objects = {

/* Begin PBXBuildFile section */
		18807C8722BA323F0050017D /* Reachability.swift in Sources */ = {isa = PBXBuildFile; fileRef = 18807C8222BA323E0050017D /* Reachability.swift */; };
		18807C8A22BA323F0050017D /* DataFetchService.swift in Sources */ = {isa = PBXBuildFile; fileRef = 18807C8522BA323F0050017D /* DataFetchService.swift */; };
		18807C8E22BA33E70050017D /* DynamicValue.swift in Sources */ = {isa = PBXBuildFile; fileRef = 18807C8C22BA33E70050017D /* DynamicValue.swift */; };
		18807C8F22BA33E70050017D /* News.swift in Sources */ = {isa = PBXBuildFile; fileRef = 18807C8D22BA33E70050017D /* News.swift */; };
		18807C9622BA35550050017D /* RequestService.swift in Sources */ = {isa = PBXBuildFile; fileRef = 18807C9322BA35550050017D /* RequestService.swift */; };
		18807C9722BA35550050017D /* RequestFactory.swift in Sources */ = {isa = PBXBuildFile; fileRef = 18807C9422BA35550050017D /* RequestFactory.swift */; };
		18807C9822BA35550050017D /* ResponseHandler.swift in Sources */ = {isa = PBXBuildFile; fileRef = 18807C9522BA35550050017D /* ResponseHandler.swift */; };
		18807C9A22BA35640050017D /* ParserHelper.swift in Sources */ = {isa = PBXBuildFile; fileRef = 18807C9922BA35640050017D /* ParserHelper.swift */; };
		18807C9E22BA358D0050017D /* ErrorResult.swift in Sources */ = {isa = PBXBuildFile; fileRef = 18807C9D22BA358D0050017D /* ErrorResult.swift */; };
		18807CA022BA35900050017D /* Result.swift in Sources */ = {isa = PBXBuildFile; fileRef = 18807C9F22BA35900050017D /* Result.swift */; };
		18807CA922BA365B0050017D /* Main.storyboard in Resources */ = {isa = PBXBuildFile; fileRef = 18807CA822BA365B0050017D /* Main.storyboard */; };
		18807CAC22BA36710050017D /* MainStoryCell.swift in Sources */ = {isa = PBXBuildFile; fileRef = 18807CAA22BA36710050017D /* MainStoryCell.swift */; };
		18807CAD22BA36710050017D /* NewsCell.swift in Sources */ = {isa = PBXBuildFile; fileRef = 18807CAB22BA36710050017D /* NewsCell.swift */; };
		18807CAF22BA36800050017D /* CellConfugurator.swift in Sources */ = {isa = PBXBuildFile; fileRef = 18807CAE22BA36800050017D /* CellConfugurator.swift */; };
		18807CB322BA368E0050017D /* StoryViewController.swift in Sources */ = {isa = PBXBuildFile; fileRef = 18807CB022BA368E0050017D /* StoryViewController.swift */; };
		18807CB422BA368E0050017D /* NewsCollectionViewController.swift in Sources */ = {isa = PBXBuildFile; fileRef = 18807CB122BA368E0050017D /* NewsCollectionViewController.swift */; };
		18807CB522BA368E0050017D /* NewsVCExtensions.swift in Sources */ = {isa = PBXBuildFile; fileRef = 18807CB222BA368E0050017D /* NewsVCExtensions.swift */; };
		18807CB722BA369C0050017D /* SupportViews.swift in Sources */ = {isa = PBXBuildFile; fileRef = 18807CB622BA369C0050017D /* SupportViews.swift */; };
		18807CBC22BA36ED0050017D /* NewsItemViewModel.swift in Sources */ = {isa = PBXBuildFile; fileRef = 18807CB822BA36EC0050017D /* NewsItemViewModel.swift */; };
		18807CBD22BA36ED0050017D /* TotalArticlesList.swift in Sources */ = {isa = PBXBuildFile; fileRef = 18807CB922BA36EC0050017D /* TotalArticlesList.swift */; };
		18807CBE22BA36ED0050017D /* NewsListViewModel.swift in Sources */ = {isa = PBXBuildFile; fileRef = 18807CBA22BA36ED0050017D /* NewsListViewModel.swift */; };
		18807CBF22BA36ED0050017D /* NewsDataSource.swift in Sources */ = {isa = PBXBuildFile; fileRef = 18807CBB22BA36ED0050017D /* NewsDataSource.swift */; };
		BF38EBC122AC1C5A0068EB76 /* AppDelegate.swift in Sources */ = {isa = PBXBuildFile; fileRef = BF38EBC022AC1C5A0068EB76 /* AppDelegate.swift */; };
		BF38EBC822AC1C5B0068EB76 /* Assets.xcassets in Resources */ = {isa = PBXBuildFile; fileRef = BF38EBC722AC1C5B0068EB76 /* Assets.xcassets */; };
		BF38EBCB22AC1C5B0068EB76 /* LaunchScreen.storyboard in Resources */ = {isa = PBXBuildFile; fileRef = BF38EBC922AC1C5B0068EB76 /* LaunchScreen.storyboard */; };
/* End PBXBuildFile section */

/* Begin PBXFileReference section */
		18807C8222BA323E0050017D /* Reachability.swift */ = {isa = PBXFileReference; fileEncoding = 4; lastKnownFileType = sourcecode.swift; path = Reachability.swift; sourceTree = "<group>"; };
		18807C8522BA323F0050017D /* DataFetchService.swift */ = {isa = PBXFileReference; fileEncoding = 4; lastKnownFileType = sourcecode.swift; path = DataFetchService.swift; sourceTree = "<group>"; };
		18807C8C22BA33E70050017D /* DynamicValue.swift */ = {isa = PBXFileReference; fileEncoding = 4; lastKnownFileType = sourcecode.swift; path = DynamicValue.swift; sourceTree = "<group>"; };
		18807C8D22BA33E70050017D /* News.swift */ = {isa = PBXFileReference; fileEncoding = 4; lastKnownFileType = sourcecode.swift; path = News.swift; sourceTree = "<group>"; };
		18807C9322BA35550050017D /* RequestService.swift */ = {isa = PBXFileReference; fileEncoding = 4; lastKnownFileType = sourcecode.swift; path = RequestService.swift; sourceTree = "<group>"; };
		18807C9422BA35550050017D /* RequestFactory.swift */ = {isa = PBXFileReference; fileEncoding = 4; lastKnownFileType = sourcecode.swift; path = RequestFactory.swift; sourceTree = "<group>"; };
		18807C9522BA35550050017D /* ResponseHandler.swift */ = {isa = PBXFileReference; fileEncoding = 4; lastKnownFileType = sourcecode.swift; path = ResponseHandler.swift; sourceTree = "<group>"; };
		18807C9922BA35640050017D /* ParserHelper.swift */ = {isa = PBXFileReference; lastKnownFileType = sourcecode.swift; path = ParserHelper.swift; sourceTree = "<group>"; };
		18807C9D22BA358D0050017D /* ErrorResult.swift */ = {isa = PBXFileReference; fileEncoding = 4; lastKnownFileType = sourcecode.swift; path = ErrorResult.swift; sourceTree = "<group>"; };
		18807C9F22BA35900050017D /* Result.swift */ = {isa = PBXFileReference; lastKnownFileType = sourcecode.swift; path = Result.swift; sourceTree = "<group>"; };
		18807CA822BA365B0050017D /* Main.storyboard */ = {isa = PBXFileReference; fileEncoding = 4; lastKnownFileType = file.storyboard; path = Main.storyboard; sourceTree = "<group>"; };
		18807CAA22BA36710050017D /* MainStoryCell.swift */ = {isa = PBXFileReference; fileEncoding = 4; lastKnownFileType = sourcecode.swift; path = MainStoryCell.swift; sourceTree = "<group>"; };
		18807CAB22BA36710050017D /* NewsCell.swift */ = {isa = PBXFileReference; fileEncoding = 4; lastKnownFileType = sourcecode.swift; path = NewsCell.swift; sourceTree = "<group>"; };
		18807CAE22BA36800050017D /* CellConfugurator.swift */ = {isa = PBXFileReference; fileEncoding = 4; lastKnownFileType = sourcecode.swift; path = CellConfugurator.swift; sourceTree = "<group>"; };
		18807CB022BA368E0050017D /* StoryViewController.swift */ = {isa = PBXFileReference; fileEncoding = 4; lastKnownFileType = sourcecode.swift; path = StoryViewController.swift; sourceTree = "<group>"; };
		18807CB122BA368E0050017D /* NewsCollectionViewController.swift */ = {isa = PBXFileReference; fileEncoding = 4; lastKnownFileType = sourcecode.swift; path = NewsCollectionViewController.swift; sourceTree = "<group>"; };
		18807CB222BA368E0050017D /* NewsVCExtensions.swift */ = {isa = PBXFileReference; fileEncoding = 4; lastKnownFileType = sourcecode.swift; path = NewsVCExtensions.swift; sourceTree = "<group>"; };
		18807CB622BA369C0050017D /* SupportViews.swift */ = {isa = PBXFileReference; fileEncoding = 4; lastKnownFileType = sourcecode.swift; path = SupportViews.swift; sourceTree = "<group>"; };
		18807CB822BA36EC0050017D /* NewsItemViewModel.swift */ = {isa = PBXFileReference; fileEncoding = 4; lastKnownFileType = sourcecode.swift; path = NewsItemViewModel.swift; sourceTree = "<group>"; };
		18807CB922BA36EC0050017D /* TotalArticlesList.swift */ = {isa = PBXFileReference; fileEncoding = 4; lastKnownFileType = sourcecode.swift; path = TotalArticlesList.swift; sourceTree = "<group>"; };
		18807CBA22BA36ED0050017D /* NewsListViewModel.swift */ = {isa = PBXFileReference; fileEncoding = 4; lastKnownFileType = sourcecode.swift; path = NewsListViewModel.swift; sourceTree = "<group>"; };
		18807CBB22BA36ED0050017D /* NewsDataSource.swift */ = {isa = PBXFileReference; fileEncoding = 4; lastKnownFileType = sourcecode.swift; path = NewsDataSource.swift; sourceTree = "<group>"; };
		BF38EBBD22AC1C5A0068EB76 /* GoogleNewsApp.app */ = {isa = PBXFileReference; explicitFileType = wrapper.application; includeInIndex = 0; path = GoogleNewsApp.app; sourceTree = BUILT_PRODUCTS_DIR; };
		BF38EBC022AC1C5A0068EB76 /* AppDelegate.swift */ = {isa = PBXFileReference; lastKnownFileType = sourcecode.swift; path = AppDelegate.swift; sourceTree = "<group>"; };
		BF38EBC722AC1C5B0068EB76 /* Assets.xcassets */ = {isa = PBXFileReference; lastKnownFileType = folder.assetcatalog; path = Assets.xcassets; sourceTree = "<group>"; };
		BF38EBCA22AC1C5B0068EB76 /* Base */ = {isa = PBXFileReference; lastKnownFileType = file.storyboard; name = Base; path = Base.lproj/LaunchScreen.storyboard; sourceTree = "<group>"; };
		BF38EBCC22AC1C5B0068EB76 /* Info.plist */ = {isa = PBXFileReference; lastKnownFileType = text.plist.xml; path = Info.plist; sourceTree = "<group>"; };
/* End PBXFileReference section */

/* Begin PBXFrameworksBuildPhase section */
		BF38EBBA22AC1C5A0068EB76 /* Frameworks */ = {
			isa = PBXFrameworksBuildPhase;
			buildActionMask = 2147483647;
			files = (
			);
			runOnlyForDeploymentPostprocessing = 0;
		};
/* End PBXFrameworksBuildPhase section */

/* Begin PBXGroup section */
		18807C7E22BA31170050017D /* Service */ = {
			isa = PBXGroup;
			children = (
				18807C8222BA323E0050017D /* Reachability.swift */,
				18807C8522BA323F0050017D /* DataFetchService.swift */,
				18807C9C22BA357C0050017D /* Result */,
				18807C9B22BA35700050017D /* Parser */,
				18807C9222BA35470050017D /* Network */,
			);
			path = Service;
			sourceTree = "<group>";
		};
		18807C7F22BA31410050017D /* Model */ = {
			isa = PBXGroup;
			children = (
				18807C8C22BA33E70050017D /* DynamicValue.swift */,
				18807C8D22BA33E70050017D /* News.swift */,
			);
			path = Model;
			sourceTree = "<group>";
		};
		18807C8022BA31490050017D /* ViewModel */ = {
			isa = PBXGroup;
			children = (
				18807CBB22BA36ED0050017D /* NewsDataSource.swift */,
				18807CB822BA36EC0050017D /* NewsItemViewModel.swift */,
				18807CBA22BA36ED0050017D /* NewsListViewModel.swift */,
				18807CB922BA36EC0050017D /* TotalArticlesList.swift */,
			);
			path = ViewModel;
			sourceTree = "<group>";
		};
		18807C8122BA31540050017D /* View */ = {
			isa = PBXGroup;
			children = (
				18807CA822BA365B0050017D /* Main.storyboard */,
				18807CA722BA35D50050017D /* SupportViews */,
				18807CA622BA35CC0050017D /* NewsVC */,
				18807CA522BA35C00050017D /* CellConfigurator */,
				18807CA422BA35B90050017D /* Cells */,
			);
			path = View;
			sourceTree = "<group>";
		};
		18807C9222BA35470050017D /* Network */ = {
			isa = PBXGroup;
			children = (
				18807C9422BA35550050017D /* RequestFactory.swift */,
				18807C9322BA35550050017D /* RequestService.swift */,
				18807C9522BA35550050017D /* ResponseHandler.swift */,
			);
			name = Network;
			path = "New Group";
			sourceTree = "<group>";
		};
		18807C9B22BA35700050017D /* Parser */ = {
			isa = PBXGroup;
			children = (
				18807C9922BA35640050017D /* ParserHelper.swift */,
			);
			path = Parser;
			sourceTree = "<group>";
		};
		18807C9C22BA357C0050017D /* Result */ = {
			isa = PBXGroup;
			children = (
				18807C9F22BA35900050017D /* Result.swift */,
				18807C9D22BA358D0050017D /* ErrorResult.swift */,
			);
			name = Result;
			path = "New Group1";
			sourceTree = "<group>";
		};
		18807CA422BA35B90050017D /* Cells */ = {
			isa = PBXGroup;
			children = (
				18807CAA22BA36710050017D /* MainStoryCell.swift */,
				18807CAB22BA36710050017D /* NewsCell.swift */,
			);
			path = Cells;
			sourceTree = "<group>";
		};
		18807CA522BA35C00050017D /* CellConfigurator */ = {
			isa = PBXGroup;
			children = (
				18807CAE22BA36800050017D /* CellConfugurator.swift */,
			);
			path = CellConfigurator;
			sourceTree = "<group>";
		};
		18807CA622BA35CC0050017D /* NewsVC */ = {
			isa = PBXGroup;
			children = (
				18807CB122BA368E0050017D /* NewsCollectionViewController.swift */,
				18807CB222BA368E0050017D /* NewsVCExtensions.swift */,
				18807CB022BA368E0050017D /* StoryViewController.swift */,
			);
			path = NewsVC;
			sourceTree = "<group>";
		};
		18807CA722BA35D50050017D /* SupportViews */ = {
			isa = PBXGroup;
			children = (
				18807CB622BA369C0050017D /* SupportViews.swift */,
			);
			path = SupportViews;
			sourceTree = "<group>";
		};
		BF38EBB422AC1C5A0068EB76 = {
			isa = PBXGroup;
			children = (
				BF38EBBF22AC1C5A0068EB76 /* GoogleNewsApp */,
				BF38EBBE22AC1C5A0068EB76 /* Products */,
			);
			sourceTree = "<group>";
		};
		BF38EBBE22AC1C5A0068EB76 /* Products */ = {
			isa = PBXGroup;
			children = (
				BF38EBBD22AC1C5A0068EB76 /* GoogleNewsApp.app */,
			);
			name = Products;
			sourceTree = "<group>";
		};
		BF38EBBF22AC1C5A0068EB76 /* GoogleNewsApp */ = {
			isa = PBXGroup;
			children = (
				BF38EBC022AC1C5A0068EB76 /* AppDelegate.swift */,
				18807C7E22BA31170050017D /* Service */,
				18807C7F22BA31410050017D /* Model */,
				18807C8122BA31540050017D /* View */,
				18807C8022BA31490050017D /* ViewModel */,
				BF38EBC722AC1C5B0068EB76 /* Assets.xcassets */,
				BF38EBC922AC1C5B0068EB76 /* LaunchScreen.storyboard */,
				BF38EBCC22AC1C5B0068EB76 /* Info.plist */,
			);
			path = GoogleNewsApp;
			sourceTree = "<group>";
		};
/* End PBXGroup section */

/* Begin PBXNativeTarget section */
		BF38EBBC22AC1C5A0068EB76 /* GoogleNewsApp */ = {
			isa = PBXNativeTarget;
			buildConfigurationList = BF38EBCF22AC1C5B0068EB76 /* Build configuration list for PBXNativeTarget "GoogleNewsApp" */;
			buildPhases = (
				BF38EBB922AC1C5A0068EB76 /* Sources */,
				BF38EBBA22AC1C5A0068EB76 /* Frameworks */,
				BF38EBBB22AC1C5A0068EB76 /* Resources */,
			);
			buildRules = (
			);
			dependencies = (
			);
			name = GoogleNewsApp;
			productName = GoogleNewsApp;
			productReference = BF38EBBD22AC1C5A0068EB76 /* GoogleNewsApp.app */;
			productType = "com.apple.product-type.application";
		};
/* End PBXNativeTarget section */

/* Begin PBXProject section */
		BF38EBB522AC1C5A0068EB76 /* Project object */ = {
			isa = PBXProject;
			attributes = {
				LastSwiftUpdateCheck = 1010;
				LastUpgradeCheck = 1010;
				ORGANIZATIONNAME = FaizalMalik;
				TargetAttributes = {
					BF38EBBC22AC1C5A0068EB76 = {
						CreatedOnToolsVersion = 10.1;
					};
				};
			};
			buildConfigurationList = BF38EBB822AC1C5A0068EB76 /* Build configuration list for PBXProject "GoogleNewsApp" */;
			compatibilityVersion = "Xcode 9.3";
			developmentRegion = en;
			hasScannedForEncodings = 0;
			knownRegions = (
				en,
				Base,
			);
			mainGroup = BF38EBB422AC1C5A0068EB76;
			productRefGroup = BF38EBBE22AC1C5A0068EB76 /* Products */;
			projectDirPath = "";
			projectRoot = "";
			targets = (
				BF38EBBC22AC1C5A0068EB76 /* GoogleNewsApp */,
			);
		};
/* End PBXProject section */

/* Begin PBXResourcesBuildPhase section */
		BF38EBBB22AC1C5A0068EB76 /* Resources */ = {
			isa = PBXResourcesBuildPhase;
			buildActionMask = 2147483647;
			files = (
				18807CA922BA365B0050017D /* Main.storyboard in Resources */,
				BF38EBCB22AC1C5B0068EB76 /* LaunchScreen.storyboard in Resources */,
				BF38EBC822AC1C5B0068EB76 /* Assets.xcassets in Resources */,
			);
			runOnlyForDeploymentPostprocessing = 0;
		};
/* End PBXResourcesBuildPhase section */

/* Begin PBXSourcesBuildPhase section */
		BF38EBB922AC1C5A0068EB76 /* Sources */ = {
			isa = PBXSourcesBuildPhase;
			buildActionMask = 2147483647;
			files = (
				18807CB322BA368E0050017D /* StoryViewController.swift in Sources */,
				BF38EBC122AC1C5A0068EB76 /* AppDelegate.swift in Sources */,
				18807CB722BA369C0050017D /* SupportViews.swift in Sources */,
				18807C9E22BA358D0050017D /* ErrorResult.swift in Sources */,
				18807C9622BA35550050017D /* RequestService.swift in Sources */,
				18807C9A22BA35640050017D /* ParserHelper.swift in Sources */,
				18807CB522BA368E0050017D /* NewsVCExtensions.swift in Sources */,
				18807CAC22BA36710050017D /* MainStoryCell.swift in Sources */,
				18807CBE22BA36ED0050017D /* NewsListViewModel.swift in Sources */,
				18807C8A22BA323F0050017D /* DataFetchService.swift in Sources */,
				18807CBD22BA36ED0050017D /* TotalArticlesList.swift in Sources */,
				18807C9722BA35550050017D /* RequestFactory.swift in Sources */,
				18807C8722BA323F0050017D /* Reachability.swift in Sources */,
				18807CB422BA368E0050017D /* NewsCollectionViewController.swift in Sources */,
				18807C9822BA35550050017D /* ResponseHandler.swift in Sources */,
				18807C8F22BA33E70050017D /* News.swift in Sources */,
				18807CBC22BA36ED0050017D /* NewsItemViewModel.swift in Sources */,
				18807CBF22BA36ED0050017D /* NewsDataSource.swift in Sources */,
				18807CAF22BA36800050017D /* CellConfugurator.swift in Sources */,
				18807C8E22BA33E70050017D /* DynamicValue.swift in Sources */,
				18807CAD22BA36710050017D /* NewsCell.swift in Sources */,
				18807CA022BA35900050017D /* Result.swift in Sources */,
			);
			runOnlyForDeploymentPostprocessing = 0;
		};
/* End PBXSourcesBuildPhase section */

/* Begin PBXVariantGroup section */
		BF38EBC922AC1C5B0068EB76 /* LaunchScreen.storyboard */ = {
			isa = PBXVariantGroup;
			children = (
				BF38EBCA22AC1C5B0068EB76 /* Base */,
			);
			name = LaunchScreen.storyboard;
			sourceTree = "<group>";
		};
/* End PBXVariantGroup section */

/* Begin XCBuildConfiguration section */
		BF38EBCD22AC1C5B0068EB76 /* Debug */ = {
			isa = XCBuildConfiguration;
			buildSettings = {
				ALWAYS_SEARCH_USER_PATHS = NO;
				CLANG_ANALYZER_NONNULL = YES;
				CLANG_ANALYZER_NUMBER_OBJECT_CONVERSION = YES_AGGRESSIVE;
				CLANG_CXX_LANGUAGE_STANDARD = "gnu++14";
				CLANG_CXX_LIBRARY = "libc++";
				CLANG_ENABLE_MODULES = YES;
				CLANG_ENABLE_OBJC_ARC = YES;
				CLANG_ENABLE_OBJC_WEAK = YES;
				CLANG_WARN_BLOCK_CAPTURE_AUTORELEASING = YES;
				CLANG_WARN_BOOL_CONVERSION = YES;
				CLANG_WARN_COMMA = YES;
				CLANG_WARN_CONSTANT_CONVERSION = YES;
				CLANG_WARN_DEPRECATED_OBJC_IMPLEMENTATIONS = YES;
				CLANG_WARN_DIRECT_OBJC_ISA_USAGE = YES_ERROR;
				CLANG_WARN_DOCUMENTATION_COMMENTS = YES;
				CLANG_WARN_EMPTY_BODY = YES;
				CLANG_WARN_ENUM_CONVERSION = YES;
				CLANG_WARN_INFINITE_RECURSION = YES;
				CLANG_WARN_INT_CONVERSION = YES;
				CLANG_WARN_NON_LITERAL_NULL_CONVERSION = YES;
				CLANG_WARN_OBJC_IMPLICIT_RETAIN_SELF = YES;
				CLANG_WARN_OBJC_LITERAL_CONVERSION = YES;
				CLANG_WARN_OBJC_ROOT_CLASS = YES_ERROR;
				CLANG_WARN_RANGE_LOOP_ANALYSIS = YES;
				CLANG_WARN_STRICT_PROTOTYPES = YES;
				CLANG_WARN_SUSPICIOUS_MOVE = YES;
				CLANG_WARN_UNGUARDED_AVAILABILITY = YES_AGGRESSIVE;
				CLANG_WARN_UNREACHABLE_CODE = YES;
				CLANG_WARN__DUPLICATE_METHOD_MATCH = YES;
				CODE_SIGN_IDENTITY = "iPhone Developer";
				COPY_PHASE_STRIP = NO;
				DEBUG_INFORMATION_FORMAT = dwarf;
				ENABLE_STRICT_OBJC_MSGSEND = YES;
				ENABLE_TESTABILITY = YES;
				GCC_C_LANGUAGE_STANDARD = gnu11;
				GCC_DYNAMIC_NO_PIC = NO;
				GCC_NO_COMMON_BLOCKS = YES;
				GCC_OPTIMIZATION_LEVEL = 0;
				GCC_PREPROCESSOR_DEFINITIONS = (
					"DEBUG=1",
					"$(inherited)",
				);
				GCC_WARN_64_TO_32_BIT_CONVERSION = YES;
				GCC_WARN_ABOUT_RETURN_TYPE = YES_ERROR;
				GCC_WARN_UNDECLARED_SELECTOR = YES;
				GCC_WARN_UNINITIALIZED_AUTOS = YES_AGGRESSIVE;
				GCC_WARN_UNUSED_FUNCTION = YES;
				GCC_WARN_UNUSED_VARIABLE = YES;
				IPHONEOS_DEPLOYMENT_TARGET = 12.1;
				MTL_ENABLE_DEBUG_INFO = INCLUDE_SOURCE;
				MTL_FAST_MATH = YES;
				ONLY_ACTIVE_ARCH = YES;
				SDKROOT = iphoneos;
				SWIFT_ACTIVE_COMPILATION_CONDITIONS = DEBUG;
				SWIFT_OPTIMIZATION_LEVEL = "-Onone";
			};
			name = Debug;
		};
		BF38EBCE22AC1C5B0068EB76 /* Release */ = {
			isa = XCBuildConfiguration;
			buildSettings = {
				ALWAYS_SEARCH_USER_PATHS = NO;
				CLANG_ANALYZER_NONNULL = YES;
				CLANG_ANALYZER_NUMBER_OBJECT_CONVERSION = YES_AGGRESSIVE;
				CLANG_CXX_LANGUAGE_STANDARD = "gnu++14";
				CLANG_CXX_LIBRARY = "libc++";
				CLANG_ENABLE_MODULES = YES;
				CLANG_ENABLE_OBJC_ARC = YES;
				CLANG_ENABLE_OBJC_WEAK = YES;
				CLANG_WARN_BLOCK_CAPTURE_AUTORELEASING = YES;
				CLANG_WARN_BOOL_CONVERSION = YES;
				CLANG_WARN_COMMA = YES;
				CLANG_WARN_CONSTANT_CONVERSION = YES;
				CLANG_WARN_DEPRECATED_OBJC_IMPLEMENTATIONS = YES;
				CLANG_WARN_DIRECT_OBJC_ISA_USAGE = YES_ERROR;
				CLANG_WARN_DOCUMENTATION_COMMENTS = YES;
				CLANG_WARN_EMPTY_BODY = YES;
				CLANG_WARN_ENUM_CONVERSION = YES;
				CLANG_WARN_INFINITE_RECURSION = YES;
				CLANG_WARN_INT_CONVERSION = YES;
				CLANG_WARN_NON_LITERAL_NULL_CONVERSION = YES;
				CLANG_WARN_OBJC_IMPLICIT_RETAIN_SELF = YES;
				CLANG_WARN_OBJC_LITERAL_CONVERSION = YES;
				CLANG_WARN_OBJC_ROOT_CLASS = YES_ERROR;
				CLANG_WARN_RANGE_LOOP_ANALYSIS = YES;
				CLANG_WARN_STRICT_PROTOTYPES = YES;
				CLANG_WARN_SUSPICIOUS_MOVE = YES;
				CLANG_WARN_UNGUARDED_AVAILABILITY = YES_AGGRESSIVE;
				CLANG_WARN_UNREACHABLE_CODE = YES;
				CLANG_WARN__DUPLICATE_METHOD_MATCH = YES;
				CODE_SIGN_IDENTITY = "iPhone Developer";
				COPY_PHASE_STRIP = NO;
				DEBUG_INFORMATION_FORMAT = "dwarf-with-dsym";
				ENABLE_NS_ASSERTIONS = NO;
				ENABLE_STRICT_OBJC_MSGSEND = YES;
				GCC_C_LANGUAGE_STANDARD = gnu11;
				GCC_NO_COMMON_BLOCKS = YES;
				GCC_WARN_64_TO_32_BIT_CONVERSION = YES;
				GCC_WARN_ABOUT_RETURN_TYPE = YES_ERROR;
				GCC_WARN_UNDECLARED_SELECTOR = YES;
				GCC_WARN_UNINITIALIZED_AUTOS = YES_AGGRESSIVE;
				GCC_WARN_UNUSED_FUNCTION = YES;
				GCC_WARN_UNUSED_VARIABLE = YES;
				IPHONEOS_DEPLOYMENT_TARGET = 12.1;
				MTL_ENABLE_DEBUG_INFO = NO;
				MTL_FAST_MATH = YES;
				SDKROOT = iphoneos;
				SWIFT_COMPILATION_MODE = wholemodule;
				SWIFT_OPTIMIZATION_LEVEL = "-O";
				VALIDATE_PRODUCT = YES;
			};
			name = Release;
		};
		BF38EBD022AC1C5B0068EB76 /* Debug */ = {
			isa = XCBuildConfiguration;
			buildSettings = {
				ASSETCATALOG_COMPILER_APPICON_NAME = AppIcon;
				CODE_SIGN_STYLE = Manual;
				DEVELOPMENT_TEAM = "";
				INFOPLIST_FILE = GoogleNewsApp/Info.plist;
				LD_RUNPATH_SEARCH_PATHS = (
					"$(inherited)",
					"@executable_path/Frameworks",
				);
				PRODUCT_BUNDLE_IDENTIFIER = com.sample.ios.GoogleNewsApp;
				PRODUCT_NAME = "$(TARGET_NAME)";
				PROVISIONING_PROFILE_SPECIFIER = "";
				SWIFT_VERSION = 4.2;
				TARGETED_DEVICE_FAMILY = "1,2";
			};
			name = Debug;
		};
		BF38EBD122AC1C5B0068EB76 /* Release */ = {
			isa = XCBuildConfiguration;
			buildSettings = {
				ASSETCATALOG_COMPILER_APPICON_NAME = AppIcon;
				CODE_SIGN_STYLE = Manual;
				DEVELOPMENT_TEAM = "";
				INFOPLIST_FILE = GoogleNewsApp/Info.plist;
				LD_RUNPATH_SEARCH_PATHS = (
					"$(inherited)",
					"@executable_path/Frameworks",
				);
				PRODUCT_BUNDLE_IDENTIFIER = com.sample.ios.GoogleNewsApp;
				PRODUCT_NAME = "$(TARGET_NAME)";
				PROVISIONING_PROFILE_SPECIFIER = "";
				SWIFT_VERSION = 4.2;
				TARGETED_DEVICE_FAMILY = "1,2";
			};
			name = Release;
		};
/* End XCBuildConfiguration section */

/* Begin XCConfigurationList section */
		BF38EBB822AC1C5A0068EB76 /* Build configuration list for PBXProject "GoogleNewsApp" */ = {
			isa = XCConfigurationList;
			buildConfigurations = (
				BF38EBCD22AC1C5B0068EB76 /* Debug */,
				BF38EBCE22AC1C5B0068EB76 /* Release */,
			);
			defaultConfigurationIsVisible = 0;
			defaultConfigurationName = Release;
		};
		BF38EBCF22AC1C5B0068EB76 /* Build configuration list for PBXNativeTarget "GoogleNewsApp" */ = {
			isa = XCConfigurationList;
			buildConfigurations = (
				BF38EBD022AC1C5B0068EB76 /* Debug */,
				BF38EBD122AC1C5B0068EB76 /* Release */,
			);
			defaultConfigurationIsVisible = 0;
			defaultConfigurationName = Release;
		};
/* End XCConfigurationList section */
	};
	rootObject = BF38EBB522AC1C5A0068EB76 /* Project object */;
}
